
Microsoft Visual Studio Solution File, Format Version 12.00
# Visual Studio Version 17
VisualStudioVersion = 17.14.36414.22 d17.14
MinimumVisualStudioVersion = 10.0.40219.1
Project("{FAE04EC0-301F-11D3-BF4B-00C04F79EFBC}") = "PripravaNaTest", "PripravaNaTest\PripravaNaTest.csproj", "{08D2E456-744B-431C-B7DB-6963ADB1008B}"
EndProject
Global
	GlobalSection(SolutionConfigurationPlatforms) = preSolution
		Debug|Any CPU = Debug|Any CPU
		Release|Any CPU = Release|Any CPU
	EndGlobalSection
	GlobalSection(ProjectConfigurationPlatforms) = postSolution
		{08D2E456-744B-431C-B7DB-6963ADB1008B}.Debug|Any CPU.ActiveCfg = Debug|Any CPU
		{08D2E456-744B-431C-B7DB-6963ADB1008B}.Debug|Any CPU.Build.0 = Debug|Any CPU
		{08D2E456-744B-431C-B7DB-6963ADB1008B}.Release|Any CPU.ActiveCfg = Release|Any CPU
		{08D2E456-744B-431C-B7DB-6963ADB1008B}.Release|Any CPU.Build.0 = Release|Any CPU
	EndGlobalSection
	GlobalSection(SolutionProperties) = preSolution
		HideSolutionNode = FALSE
	EndGlobalSection
	GlobalSection(ExtensibilityGlobals) = postSolution
		SolutionGuid = {1EC42A22-CCC5-4F01-ABEE-E948165A8880}
	EndGlobalSection
EndGlobal
